// !$*UTF8*$!
{
	archiveVersion = 1;
	classes = {
	};
	objectVersion = 46;
	objects = {

/* Begin PBXBuildFile section */
		A4564B3B1AB0B3A00047EFAB /* main.m in Sources */ = {isa = PBXBuildFile; fileRef = A4564B3A1AB0B3A00047EFAB /* main.m */; };
		A4564B3E1AB0B3A00047EFAB /* AppDelegate.m in Sources */ = {isa = PBXBuildFile; fileRef = A4564B3D1AB0B3A00047EFAB /* AppDelegate.m */; };
		A4564B411AB0B3A00047EFAB /* ViewController.m in Sources */ = {isa = PBXBuildFile; fileRef = A4564B401AB0B3A00047EFAB /* ViewController.m */; };
		A4564B441AB0B3A00047EFAB /* Main.storyboard in Resources */ = {isa = PBXBuildFile; fileRef = A4564B421AB0B3A00047EFAB /* Main.storyboard */; };
		A4564B461AB0B3A00047EFAB /* Images.xcassets in Resources */ = {isa = PBXBuildFile; fileRef = A4564B451AB0B3A00047EFAB /* Images.xcassets */; };
		A4564B491AB0B3A00047EFAB /* LaunchScreen.xib in Resources */ = {isa = PBXBuildFile; fileRef = A4564B471AB0B3A00047EFAB /* LaunchScreen.xib */; };
		A4564B551AB0B3A00047EFAB /* Pizza_PartyTests.m in Sources */ = {isa = PBXBuildFile; fileRef = A4564B541AB0B3A00047EFAB /* Pizza_PartyTests.m */; };
/* End PBXBuildFile section */

/* Begin PBXContainerItemProxy section */
		A4564B4F1AB0B3A00047EFAB /* PBXContainerItemProxy */ = {
			isa = PBXContainerItemProxy;
			containerPortal = A4564B2D1AB0B3A00047EFAB /* Project object */;
			proxyType = 1;
			remoteGlobalIDString = A4564B341AB0B3A00047EFAB;
			remoteInfo = "Pizza Party";
		};
/* End PBXContainerItemProxy section */

/* Begin PBXFileReference section */
		A4564B351AB0B3A00047EFAB /* Pizza Party.app */ = {isa = PBXFileReference; explicitFileType = wrapper.application; includeInIndex = 0; path = "Pizza Party.app"; sourceTree = BUILT_PRODUCTS_DIR; };
		A4564B391AB0B3A00047EFAB /* Info.plist */ = {isa = PBXFileReference; lastKnownFileType = text.plist.xml; path = Info.plist; sourceTree = "<group>"; };
		A4564B3A1AB0B3A00047EFAB /* main.m */ = {isa = PBXFileReference; lastKnownFileType = sourcecode.c.objc; path = main.m; sourceTree = "<group>"; };
		A4564B3C1AB0B3A00047EFAB /* AppDelegate.h */ = {isa = PBXFileReference; lastKnownFileType = sourcecode.c.h; path = AppDelegate.h; sourceTree = "<group>"; };
		A4564B3D1AB0B3A00047EFAB /* AppDelegate.m */ = {isa = PBXFileReference; lastKnownFileType = sourcecode.c.objc; path = AppDelegate.m; sourceTree = "<group>"; };
		A4564B3F1AB0B3A00047EFAB /* ViewController.h */ = {isa = PBXFileReference; lastKnownFileType = sourcecode.c.h; path = ViewController.h; sourceTree = "<group>"; };
		A4564B401AB0B3A00047EFAB /* ViewController.m */ = {isa = PBXFileReference; lastKnownFileType = sourcecode.c.objc; path = ViewController.m; sourceTree = "<group>"; };
		A4564B431AB0B3A00047EFAB /* Base */ = {isa = PBXFileReference; lastKnownFileType = file.storyboard; name = Base; path = Base.lproj/Main.storyboard; sourceTree = "<group>"; };
		A4564B451AB0B3A00047EFAB /* Images.xcassets */ = {isa = PBXFileReference; lastKnownFileType = folder.assetcatalog; path = Images.xcassets; sourceTree = "<group>"; };
		A4564B481AB0B3A00047EFAB /* Base */ = {isa = PBXFileReference; lastKnownFileType = file.xib; name = Base; path = Base.lproj/LaunchScreen.xib; sourceTree = "<group>"; };
		A4564B4E1AB0B3A00047EFAB /* Pizza PartyTests.xctest */ = {isa = PBXFileReference; explicitFileType = wrapper.cfbundle; includeInIndex = 0; path = "Pizza PartyTests.xctest"; sourceTree = BUILT_PRODUCTS_DIR; };
		A4564B531AB0B3A00047EFAB /* Info.plist */ = {isa = PBXFileReference; lastKnownFileType = text.plist.xml; path = Info.plist; sourceTree = "<group>"; };
		A4564B541AB0B3A00047EFAB /* Pizza_PartyTests.m */ = {isa = PBXFileReference; lastKnownFileType = sourcecode.c.objc; path = Pizza_PartyTests.m; sourceTree = "<group>"; };
/* End PBXFileReference section */

/* Begin PBXFrameworksBuildPhase section */
		A4564B321AB0B3A00047EFAB /* Frameworks */ = {
			isa = PBXFrameworksBuildPhase;
			buildActionMask = 2147483647;
			files = (
			);
			runOnlyForDeploymentPostprocessing = 0;
		};
		A4564B4B1AB0B3A00047EFAB /* Frameworks */ = {
			isa = PBXFrameworksBuildPhase;
			buildActionMask = 2147483647;
			files = (
			);
			runOnlyForDeploymentPostprocessing = 0;
		};
/* End PBXFrameworksBuildPhase section */

/* Begin PBXGroup section */
		A4564B2C1AB0B3A00047EFAB = {
			isa = PBXGroup;
			children = (
				A4564B371AB0B3A00047EFAB /* Pizza Party */,
				A4564B511AB0B3A00047EFAB /* Pizza PartyTests */,
				A4564B361AB0B3A00047EFAB /* Products */,
			);
			sourceTree = "<group>";
		};
		A4564B361AB0B3A00047EFAB /* Products */ = {
			isa = PBXGroup;
			children = (
				A4564B351AB0B3A00047EFAB /* Pizza Party.app */,
				A4564B4E1AB0B3A00047EFAB /* Pizza PartyTests.xctest */,
			);
			name = Products;
			sourceTree = "<group>";
		};
		A4564B371AB0B3A00047EFAB /* Pizza Party */ = {
			isa = PBXGroup;
			children = (
				A4564B3C1AB0B3A00047EFAB /* AppDelegate.h */,
				A4564B3D1AB0B3A00047EFAB /* AppDelegate.m */,
				A4564B3F1AB0B3A00047EFAB /* ViewController.h */,
				A4564B401AB0B3A00047EFAB /* ViewController.m */,
				A4564B421AB0B3A00047EFAB /* Main.storyboard */,
				A4564B451AB0B3A00047EFAB /* Images.xcassets */,
				A4564B471AB0B3A00047EFAB /* LaunchScreen.xib */,
				A4564B381AB0B3A00047EFAB /* Supporting Files */,
			);
			path = "Pizza Party";
			sourceTree = "<group>";
		};
		A4564B381AB0B3A00047EFAB /* Supporting Files */ = {
			isa = PBXGroup;
			children = (
				A4564B391AB0B3A00047EFAB /* Info.plist */,
				A4564B3A1AB0B3A00047EFAB /* main.m */,
			);
			name = "Supporting Files";
			sourceTree = "<group>";
		};
		A4564B511AB0B3A00047EFAB /* Pizza PartyTests */ = {
			isa = PBXGroup;
			children = (
				A4564B541AB0B3A00047EFAB /* Pizza_PartyTests.m */,
				A4564B521AB0B3A00047EFAB /* Supporting Files */,
			);
			path = "Pizza PartyTests";
			sourceTree = "<group>";
		};
		A4564B521AB0B3A00047EFAB /* Supporting Files */ = {
			isa = PBXGroup;
			children = (
				A4564B531AB0B3A00047EFAB /* Info.plist */,
			);
			name = "Supporting Files";
			sourceTree = "<group>";
		};
/* End PBXGroup section */

/* Begin PBXNativeTarget section */
		A4564B341AB0B3A00047EFAB /* Pizza Party */ = {
			isa = PBXNativeTarget;
			buildConfigurationList = A4564B581AB0B3A00047EFAB /* Build configuration list for PBXNativeTarget "Pizza Party" */;
			buildPhases = (
				A4564B311AB0B3A00047EFAB /* Sources */,
				A4564B321AB0B3A00047EFAB /* Frameworks */,
				A4564B331AB0B3A00047EFAB /* Resources */,
			);
			buildRules = (
			);
			dependencies = (
			);
			name = "Pizza Party";
			productName = "Pizza Party";
			productReference = A4564B351AB0B3A00047EFAB /* Pizza Party.app */;
			productType = "com.apple.product-type.application";
		};
		A4564B4D1AB0B3A00047EFAB /* Pizza PartyTests */ = {
			isa = PBXNativeTarget;
			buildConfigurationList = A4564B5B1AB0B3A00047EFAB /* Build configuration list for PBXNativeTarget "Pizza PartyTests" */;
			buildPhases = (
				A4564B4A1AB0B3A00047EFAB /* Sources */,
				A4564B4B1AB0B3A00047EFAB /* Frameworks */,
				A4564B4C1AB0B3A00047EFAB /* Resources */,
			);
			buildRules = (
			);
			dependencies = (
				A4564B501AB0B3A00047EFAB /* PBXTargetDependency */,
			);
			name = "Pizza PartyTests";
			productName = "Pizza PartyTests";
			productReference = A4564B4E1AB0B3A00047EFAB /* Pizza PartyTests.xctest */;
			productType = "com.apple.product-type.bundle.unit-test";
		};
/* End PBXNativeTarget section */

/* Begin PBXProject section */
		A4564B2D1AB0B3A00047EFAB /* Project object */ = {
			isa = PBXProject;
			attributes = {
				LastUpgradeCheck = 0620;
				ORGANIZATIONNAME = "Zach Becker";
				TargetAttributes = {
					A4564B341AB0B3A00047EFAB = {
						CreatedOnToolsVersion = 6.2;
					};
					A4564B4D1AB0B3A00047EFAB = {
						CreatedOnToolsVersion = 6.2;
						TestTargetID = A4564B341AB0B3A00047EFAB;
					};
				};
			};
			buildConfigurationList = A4564B301AB0B3A00047EFAB /* Build configuration list for PBXProject "Pizza Party" */;
			compatibilityVersion = "Xcode 3.2";
			developmentRegion = English;
			hasScannedForEncodings = 0;
			knownRegions = (
				en,
				Base,
			);
			mainGroup = A4564B2C1AB0B3A00047EFAB;
			productRefGroup = A4564B361AB0B3A00047EFAB /* Products */;
			projectDirPath = "";
			projectRoot = "";
			targets = (
				A4564B341AB0B3A00047EFAB /* Pizza Party */,
				A4564B4D1AB0B3A00047EFAB /* Pizza PartyTests */,
			);
		};
/* End PBXProject section */

/* Begin PBXResourcesBuildPhase section */
		A4564B331AB0B3A00047EFAB /* Resources */ = {
			isa = PBXResourcesBuildPhase;
			buildActionMask = 2147483647;
			files = (
				A4564B441AB0B3A00047EFAB /* Main.storyboard in Resources */,
				A4564B491AB0B3A00047EFAB /* LaunchScreen.xib in Resources */,
				A4564B461AB0B3A00047EFAB /* Images.xcassets in Resources */,
			);
			runOnlyForDeploymentPostprocessing = 0;
		};
		A4564B4C1AB0B3A00047EFAB /* Resources */ = {
			isa = PBXResourcesBuildPhase;
			buildActionMask = 2147483647;
			files = (
			);
			runOnlyForDeploymentPostprocessing = 0;
		};
/* End PBXResourcesBuildPhase section */

/* Begin PBXSourcesBuildPhase section */
		A4564B311AB0B3A00047EFAB /* Sources */ = {
			isa = PBXSourcesBuildPhase;
			buildActionMask = 2147483647;
			files = (
				A4564B411AB0B3A00047EFAB /* ViewController.m in Sources */,
				A4564B3E1AB0B3A00047EFAB /* AppDelegate.m in Sources */,
				A4564B3B1AB0B3A00047EFAB /* main.m in Sources */,
			);
			runOnlyForDeploymentPostprocessing = 0;
		};
		A4564B4A1AB0B3A00047EFAB /* Sources */ = {
			isa = PBXSourcesBuildPhase;
			buildActionMask = 2147483647;
			files = (
				A4564B551AB0B3A00047EFAB /* Pizza_PartyTests.m in Sources */,
			);
			runOnlyForDeploymentPostprocessing = 0;
		};
/* End PBXSourcesBuildPhase section */

/* Begin PBXTargetDependency section */
		A4564B501AB0B3A00047EFAB /* PBXTargetDependency */ = {
			isa = PBXTargetDependency;
			target = A4564B341AB0B3A00047EFAB /* Pizza Party */;
			targetProxy = A4564B4F1AB0B3A00047EFAB /* PBXContainerItemProxy */;
		};
/* End PBXTargetDependency section */

/* Begin PBXVariantGroup section */
		A4564B421AB0B3A00047EFAB /* Main.storyboard */ = {
			isa = PBXVariantGroup;
			children = (
				A4564B431AB0B3A00047EFAB /* Base */,
			);
			name = Main.storyboard;
			sourceTree = "<group>";
		};
		A4564B471AB0B3A00047EFAB /* LaunchScreen.xib */ = {
			isa = PBXVariantGroup;
			children = (
				A4564B481AB0B3A00047EFAB /* Base */,
			);
			name = LaunchScreen.xib;
			sourceTree = "<group>";
		};
/* End PBXVariantGroup section */

/* Begin XCBuildConfiguration section */
		A4564B561AB0B3A00047EFAB /* Debug */ = {
			isa = XCBuildConfiguration;
			buildSettings = {
				ALWAYS_SEARCH_USER_PATHS = NO;
				CLANG_CXX_LANGUAGE_STANDARD = "gnu++0x";
				CLANG_CXX_LIBRARY = "libc++";
				CLANG_ENABLE_MODULES = YES;
				CLANG_ENABLE_OBJC_ARC = YES;
				CLANG_WARN_BOOL_CONVERSION = YES;
				CLANG_WARN_CONSTANT_CONVERSION = YES;
				CLANG_WARN_DIRECT_OBJC_ISA_USAGE = YES_ERROR;
				CLANG_WARN_EMPTY_BODY = YES;
				CLANG_WARN_ENUM_CONVERSION = YES;
				CLANG_WARN_INT_CONVERSION = YES;
				CLANG_WARN_OBJC_ROOT_CLASS = YES_ERROR;
				CLANG_WARN_UNREACHABLE_CODE = YES;
				CLANG_WARN__DUPLICATE_METHOD_MATCH = YES;
				"CODE_SIGN_IDENTITY[sdk=iphoneos*]" = "iPhone Developer";
				COPY_PHASE_STRIP = NO;
				ENABLE_STRICT_OBJC_MSGSEND = YES;
				GCC_C_LANGUAGE_STANDARD = gnu99;
				GCC_DYNAMIC_NO_PIC = NO;
				GCC_OPTIMIZATION_LEVEL = 0;
				GCC_PREPROCESSOR_DEFINITIONS = (
					"DEBUG=1",
					"$(inherited)",
				);
				GCC_SYMBOLS_PRIVATE_EXTERN = NO;
				GCC_WARN_64_TO_32_BIT_CONVERSION = YES;
				GCC_WARN_ABOUT_RETURN_TYPE = YES_ERROR;
				GCC_WARN_UNDECLARED_SELECTOR = YES;
				GCC_WARN_UNINITIALIZED_AUTOS = YES_AGGRESSIVE;
				GCC_WARN_UNUSED_FUNCTION = YES;
				GCC_WARN_UNUSED_VARIABLE = YES;
				IPHONEOS_DEPLOYMENT_TARGET = 8.2;
				MTL_ENABLE_DEBUG_INFO = YES;
				ONLY_ACTIVE_ARCH = YES;
				SDKROOT = iphoneos;
				TARGETED_DEVICE_FAMILY = "1,2";
			};
			name = Debug;
		};
		A4564B571AB0B3A00047EFAB /* Release */ = {
			isa = XCBuildConfiguration;
			buildSettings = {
				ALWAYS_SEARCH_USER_PATHS = NO;
				CLANG_CXX_LANGUAGE_STANDARD = "gnu++0x";
				CLANG_CXX_LIBRARY = "libc++";
				CLANG_ENABLE_MODULES = YES;
				CLANG_ENABLE_OBJC_ARC = YES;
				CLANG_WARN_BOOL_CONVERSION = YES;
				CLANG_WARN_CONSTANT_CONVERSION = YES;
				CLANG_WARN_DIRECT_OBJC_ISA_USAGE = YES_ERROR;
				CLANG_WARN_EMPTY_BODY = YES;
				CLANG_WARN_ENUM_CONVERSION = YES;
				CLANG_WARN_INT_CONVERSION = YES;
				CLANG_WARN_OBJC_ROOT_CLASS = YES_ERROR;
				CLANG_WARN_UNREACHABLE_CODE = YES;
				CLANG_WARN__DUPLICATE_METHOD_MATCH = YES;
				"CODE_SIGN_IDENTITY[sdk=iphoneos*]" = "iPhone Developer";
				COPY_PHASE_STRIP = NO;
				ENABLE_NS_ASSERTIONS = NO;
				ENABLE_STRICT_OBJC_MSGSEND = YES;
				GCC_C_LANGUAGE_STANDARD = gnu99;
				GCC_WARN_64_TO_32_BIT_CONVERSION = YES;
				GCC_WARN_ABOUT_RETURN_TYPE = YES_ERROR;
				GCC_WARN_UNDECLARED_SELECTOR = YES;
				GCC_WARN_UNINITIALIZED_AUTOS = YES_AGGRESSIVE;
				GCC_WARN_UNUSED_FUNCTION = YES;
				GCC_WARN_UNUSED_VARIABLE = YES;
				IPHONEOS_DEPLOYMENT_TARGET = 8.2;
				MTL_ENABLE_DEBUG_INFO = NO;
				SDKROOT = iphoneos;
				TARGETED_DEVICE_FAMILY = "1,2";
				VALIDATE_PRODUCT = YES;
			};
			name = Release;
		};
		A4564B591AB0B3A00047EFAB /* Debug */ = {
			isa = XCBuildConfiguration;
			buildSettings = {
				ASSETCATALOG_COMPILER_APPICON_NAME = AppIcon;
				INFOPLIST_FILE = "Pizza Party/Info.plist";
				LD_RUNPATH_SEARCH_PATHS = "$(inherited) @executable_path/Frameworks";
				PRODUCT_NAME = "$(TARGET_NAME)";
			};
			name = Debug;
		};
		A4564B5A1AB0B3A00047EFAB /* Release */ = {
			isa = XCBuildConfiguration;
			buildSettings = {
				ASSETCATALOG_COMPILER_APPICON_NAME = AppIcon;
				INFOPLIST_FILE = "Pizza Party/Info.plist";
				LD_RUNPATH_SEARCH_PATHS = "$(inherited) @executable_path/Frameworks";
				PRODUCT_NAME = "$(TARGET_NAME)";
			};
			name = Release;
		};
		A4564B5C1AB0B3A00047EFAB /* Debug */ = {
			isa = XCBuildConfiguration;
			buildSettings = {
				BUNDLE_LOADER = "$(TEST_HOST)";
				FRAMEWORK_SEARCH_PATHS = (
					"$(SDKROOT)/Developer/Library/Frameworks",
					"$(inherited)",
				);
				GCC_PREPROCESSOR_DEFINITIONS = (
					"DEBUG=1",
					"$(inherited)",
				);
				INFOPLIST_FILE = "Pizza PartyTests/Info.plist";
				LD_RUNPATH_SEARCH_PATHS = "$(inherited) @executable_path/Frameworks @loader_path/Frameworks";
				PRODUCT_NAME = "$(TARGET_NAME)";
				TEST_HOST = "$(BUILT_PRODUCTS_DIR)/Pizza Party.app/Pizza Party";
			};
			name = Debug;
		};
		A4564B5D1AB0B3A00047EFAB /* Release */ = {
			isa = XCBuildConfiguration;
			buildSettings = {
				BUNDLE_LOADER = "$(TEST_HOST)";
				FRAMEWORK_SEARCH_PATHS = (
					"$(SDKROOT)/Developer/Library/Frameworks",
					"$(inherited)",
				);
				INFOPLIST_FILE = "Pizza PartyTests/Info.plist";
				LD_RUNPATH_SEARCH_PATHS = "$(inherited) @executable_path/Frameworks @loader_path/Frameworks";
				PRODUCT_NAME = "$(TARGET_NAME)";
				TEST_HOST = "$(BUILT_PRODUCTS_DIR)/Pizza Party.app/Pizza Party";
			};
			name = Release;
		};
/* End XCBuildConfiguration section */

/* Begin XCConfigurationList section */
		A4564B301AB0B3A00047EFAB /* Build configuration list for PBXProject "Pizza Party" */ = {
			isa = XCConfigurationList;
			buildConfigurations = (
				A4564B561AB0B3A00047EFAB /* Debug */,
				A4564B571AB0B3A00047EFAB /* Release */,
			);
			defaultConfigurationIsVisible = 0;
			defaultConfigurationName = Release;
		};
		A4564B581AB0B3A00047EFAB /* Build configuration list for PBXNativeTarget "Pizza Party" */ = {
			isa = XCConfigurationList;
			buildConfigurations = (
				A4564B591AB0B3A00047EFAB /* Debug */,
				A4564B5A1AB0B3A00047EFAB /* Release */,
			);
			defaultConfigurationIsVisible = 0;
		};
		A4564B5B1AB0B3A00047EFAB /* Build configuration list for PBXNativeTarget "Pizza PartyTests" */ = {
			isa = XCConfigurationList;
			buildConfigurations = (
				A4564B5C1AB0B3A00047EFAB /* Debug */,
				A4564B5D1AB0B3A00047EFAB /* Release */,
			);
			defaultConfigurationIsVisible = 0;
		};
/* End XCConfigurationList section */
	};
	rootObject = A4564B2D1AB0B3A00047EFAB /* Project object */;
}
